// !$*UTF8*$!
{
	archiveVersion = 1;
	classes = {
	};
	objectVersion = 46;
	objects = {

/* Begin PBXBuildFile section */
		FAB6F3081C5CD35C00F7AB72 /* AppDelegate.swift in Sources */ = {isa = PBXBuildFile; fileRef = FAB6F3071C5CD35C00F7AB72 /* AppDelegate.swift */; };
		FAB6F30A1C5CD35C00F7AB72 /* PsychologistViewController.swift in Sources */ = {isa = PBXBuildFile; fileRef = FAB6F3091C5CD35C00F7AB72 /* PsychologistViewController.swift */; };
		FAB6F30D1C5CD35C00F7AB72 /* Main.storyboard in Resources */ = {isa = PBXBuildFile; fileRef = FAB6F30B1C5CD35C00F7AB72 /* Main.storyboard */; };
		FAB6F30F1C5CD35C00F7AB72 /* Images.xcassets in Resources */ = {isa = PBXBuildFile; fileRef = FAB6F30E1C5CD35C00F7AB72 /* Images.xcassets */; };
		FAB6F3121C5CD35C00F7AB72 /* LaunchScreen.xib in Resources */ = {isa = PBXBuildFile; fileRef = FAB6F3101C5CD35C00F7AB72 /* LaunchScreen.xib */; };
		FAB6F31E1C5CD35C00F7AB72 /* PsychologistTests.swift in Sources */ = {isa = PBXBuildFile; fileRef = FAB6F31D1C5CD35C00F7AB72 /* PsychologistTests.swift */; };
		FAB6F3291C5CE2F100F7AB72 /* FaceView.swift in Sources */ = {isa = PBXBuildFile; fileRef = FAB6F3271C5CE2F100F7AB72 /* FaceView.swift */; };
		FAB6F32A1C5CE2F100F7AB72 /* HappinessViewController.swift in Sources */ = {isa = PBXBuildFile; fileRef = FAB6F3281C5CE2F100F7AB72 /* HappinessViewController.swift */; };
		FAB6F32C1C5D2D9900F7AB72 /* TextViewController.swift in Sources */ = {isa = PBXBuildFile; fileRef = FAB6F32B1C5D2D9900F7AB72 /* TextViewController.swift */; };
		FAB6F32E1C5D306500F7AB72 /* DiagnosedHappinessViewController.swift in Sources */ = {isa = PBXBuildFile; fileRef = FAB6F32D1C5D306500F7AB72 /* DiagnosedHappinessViewController.swift */; };
/* End PBXBuildFile section */

/* Begin PBXContainerItemProxy section */
		FAB6F3181C5CD35C00F7AB72 /* PBXContainerItemProxy */ = {
			isa = PBXContainerItemProxy;
			containerPortal = FAB6F2FA1C5CD35C00F7AB72 /* Project object */;
			proxyType = 1;
			remoteGlobalIDString = FAB6F3011C5CD35C00F7AB72;
			remoteInfo = Psychologist;
		};
/* End PBXContainerItemProxy section */

/* Begin PBXFileReference section */
		FAB6F3021C5CD35C00F7AB72 /* Psychologist.app */ = {isa = PBXFileReference; explicitFileType = wrapper.application; includeInIndex = 0; path = Psychologist.app; sourceTree = BUILT_PRODUCTS_DIR; };
		FAB6F3061C5CD35C00F7AB72 /* Info.plist */ = {isa = PBXFileReference; lastKnownFileType = text.plist.xml; path = Info.plist; sourceTree = "<group>"; };
		FAB6F3071C5CD35C00F7AB72 /* AppDelegate.swift */ = {isa = PBXFileReference; lastKnownFileType = sourcecode.swift; path = AppDelegate.swift; sourceTree = "<group>"; };
		FAB6F3091C5CD35C00F7AB72 /* PsychologistViewController.swift */ = {isa = PBXFileReference; lastKnownFileType = sourcecode.swift; path = PsychologistViewController.swift; sourceTree = "<group>"; };
		FAB6F30C1C5CD35C00F7AB72 /* Base */ = {isa = PBXFileReference; lastKnownFileType = file.storyboard; name = Base; path = Base.lproj/Main.storyboard; sourceTree = "<group>"; };
		FAB6F30E1C5CD35C00F7AB72 /* Images.xcassets */ = {isa = PBXFileReference; lastKnownFileType = folder.assetcatalog; path = Images.xcassets; sourceTree = "<group>"; };
		FAB6F3111C5CD35C00F7AB72 /* Base */ = {isa = PBXFileReference; lastKnownFileType = file.xib; name = Base; path = Base.lproj/LaunchScreen.xib; sourceTree = "<group>"; };
		FAB6F3171C5CD35C00F7AB72 /* PsychologistTests.xctest */ = {isa = PBXFileReference; explicitFileType = wrapper.cfbundle; includeInIndex = 0; path = PsychologistTests.xctest; sourceTree = BUILT_PRODUCTS_DIR; };
		FAB6F31C1C5CD35C00F7AB72 /* Info.plist */ = {isa = PBXFileReference; lastKnownFileType = text.plist.xml; path = Info.plist; sourceTree = "<group>"; };
		FAB6F31D1C5CD35C00F7AB72 /* PsychologistTests.swift */ = {isa = PBXFileReference; lastKnownFileType = sourcecode.swift; path = PsychologistTests.swift; sourceTree = "<group>"; };
		FAB6F3271C5CE2F100F7AB72 /* FaceView.swift */ = {isa = PBXFileReference; fileEncoding = 4; lastKnownFileType = sourcecode.swift; path = FaceView.swift; sourceTree = "<group>"; };
		FAB6F3281C5CE2F100F7AB72 /* HappinessViewController.swift */ = {isa = PBXFileReference; fileEncoding = 4; lastKnownFileType = sourcecode.swift; path = HappinessViewController.swift; sourceTree = "<group>"; };
		FAB6F32B1C5D2D9900F7AB72 /* TextViewController.swift */ = {isa = PBXFileReference; fileEncoding = 4; lastKnownFileType = sourcecode.swift; path = TextViewController.swift; sourceTree = "<group>"; };
		FAB6F32D1C5D306500F7AB72 /* DiagnosedHappinessViewController.swift */ = {isa = PBXFileReference; fileEncoding = 4; lastKnownFileType = sourcecode.swift; path = DiagnosedHappinessViewController.swift; sourceTree = "<group>"; };
/* End PBXFileReference section */

/* Begin PBXFrameworksBuildPhase section */
		FAB6F2FF1C5CD35C00F7AB72 /* Frameworks */ = {
			isa = PBXFrameworksBuildPhase;
			buildActionMask = 2147483647;
			files = (
			);
			runOnlyForDeploymentPostprocessing = 0;
		};
		FAB6F3141C5CD35C00F7AB72 /* Frameworks */ = {
			isa = PBXFrameworksBuildPhase;
			buildActionMask = 2147483647;
			files = (
			);
			runOnlyForDeploymentPostprocessing = 0;
		};
/* End PBXFrameworksBuildPhase section */

/* Begin PBXGroup section */
		FAB6F2F91C5CD35C00F7AB72 = {
			isa = PBXGroup;
			children = (
				FAB6F3041C5CD35C00F7AB72 /* Psychologist */,
				FAB6F31A1C5CD35C00F7AB72 /* PsychologistTests */,
				FAB6F3031C5CD35C00F7AB72 /* Products */,
			);
			sourceTree = "<group>";
		};
		FAB6F3031C5CD35C00F7AB72 /* Products */ = {
			isa = PBXGroup;
			children = (
				FAB6F3021C5CD35C00F7AB72 /* Psychologist.app */,
				FAB6F3171C5CD35C00F7AB72 /* PsychologistTests.xctest */,
			);
			name = Products;
			sourceTree = "<group>";
		};
		FAB6F3041C5CD35C00F7AB72 /* Psychologist */ = {
			isa = PBXGroup;
			children = (
				FAB6F3271C5CE2F100F7AB72 /* FaceView.swift */,
				FAB6F3281C5CE2F100F7AB72 /* HappinessViewController.swift */,
				FAB6F32D1C5D306500F7AB72 /* DiagnosedHappinessViewController.swift */,
				FAB6F3091C5CD35C00F7AB72 /* PsychologistViewController.swift */,
				FAB6F30B1C5CD35C00F7AB72 /* Main.storyboard */,
				FAB6F32B1C5D2D9900F7AB72 /* TextViewController.swift */,
				FAB6F3051C5CD35C00F7AB72 /* Supporting Files */,
			);
			path = Psychologist;
			sourceTree = "<group>";
		};
		FAB6F3051C5CD35C00F7AB72 /* Supporting Files */ = {
			isa = PBXGroup;
			children = (
				FAB6F3101C5CD35C00F7AB72 /* LaunchScreen.xib */,
				FAB6F30E1C5CD35C00F7AB72 /* Images.xcassets */,
				FAB6F3071C5CD35C00F7AB72 /* AppDelegate.swift */,
				FAB6F3061C5CD35C00F7AB72 /* Info.plist */,
			);
			name = "Supporting Files";
			sourceTree = "<group>";
		};
		FAB6F31A1C5CD35C00F7AB72 /* PsychologistTests */ = {
			isa = PBXGroup;
			children = (
				FAB6F31D1C5CD35C00F7AB72 /* PsychologistTests.swift */,
				FAB6F31B1C5CD35C00F7AB72 /* Supporting Files */,
			);
			path = PsychologistTests;
			sourceTree = "<group>";
		};
		FAB6F31B1C5CD35C00F7AB72 /* Supporting Files */ = {
			isa = PBXGroup;
			children = (
				FAB6F31C1C5CD35C00F7AB72 /* Info.plist */,
			);
			name = "Supporting Files";
			sourceTree = "<group>";
		};
/* End PBXGroup section */

/* Begin PBXNativeTarget section */
		FAB6F3011C5CD35C00F7AB72 /* Psychologist */ = {
			isa = PBXNativeTarget;
			buildConfigurationList = FAB6F3211C5CD35C00F7AB72 /* Build configuration list for PBXNativeTarget "Psychologist" */;
			buildPhases = (
				FAB6F2FE1C5CD35C00F7AB72 /* Sources */,
				FAB6F2FF1C5CD35C00F7AB72 /* Frameworks */,
				FAB6F3001C5CD35C00F7AB72 /* Resources */,
			);
			buildRules = (
			);
			dependencies = (
			);
			name = Psychologist;
			productName = Psychologist;
			productReference = FAB6F3021C5CD35C00F7AB72 /* Psychologist.app */;
			productType = "com.apple.product-type.application";
		};
		FAB6F3161C5CD35C00F7AB72 /* PsychologistTests */ = {
			isa = PBXNativeTarget;
			buildConfigurationList = FAB6F3241C5CD35C00F7AB72 /* Build configuration list for PBXNativeTarget "PsychologistTests" */;
			buildPhases = (
				FAB6F3131C5CD35C00F7AB72 /* Sources */,
				FAB6F3141C5CD35C00F7AB72 /* Frameworks */,
				FAB6F3151C5CD35C00F7AB72 /* Resources */,
			);
			buildRules = (
			);
			dependencies = (
				FAB6F3191C5CD35C00F7AB72 /* PBXTargetDependency */,
			);
			name = PsychologistTests;
			productName = PsychologistTests;
			productReference = FAB6F3171C5CD35C00F7AB72 /* PsychologistTests.xctest */;
			productType = "com.apple.product-type.bundle.unit-test";
		};
/* End PBXNativeTarget section */

/* Begin PBXProject section */
		FAB6F2FA1C5CD35C00F7AB72 /* Project object */ = {
			isa = PBXProject;
			attributes = {
				LastUpgradeCheck = 0620;
				ORGANIZATIONNAME = jord3t;
				TargetAttributes = {
					FAB6F3011C5CD35C00F7AB72 = {
						CreatedOnToolsVersion = 6.2;
					};
					FAB6F3161C5CD35C00F7AB72 = {
						CreatedOnToolsVersion = 6.2;
						TestTargetID = FAB6F3011C5CD35C00F7AB72;
					};
				};
			};
			buildConfigurationList = FAB6F2FD1C5CD35C00F7AB72 /* Build configuration list for PBXProject "Psychologist" */;
			compatibilityVersion = "Xcode 3.2";
			developmentRegion = English;
			hasScannedForEncodings = 0;
			knownRegions = (
				en,
				Base,
			);
			mainGroup = FAB6F2F91C5CD35C00F7AB72;
			productRefGroup = FAB6F3031C5CD35C00F7AB72 /* Products */;
			projectDirPath = "";
			projectRoot = "";
			targets = (
				FAB6F3011C5CD35C00F7AB72 /* Psychologist */,
				FAB6F3161C5CD35C00F7AB72 /* PsychologistTests */,
			);
		};
/* End PBXProject section */

/* Begin PBXResourcesBuildPhase section */
		FAB6F3001C5CD35C00F7AB72 /* Resources */ = {
			isa = PBXResourcesBuildPhase;
			buildActionMask = 2147483647;
			files = (
				FAB6F30D1C5CD35C00F7AB72 /* Main.storyboard in Resources */,
				FAB6F3121C5CD35C00F7AB72 /* LaunchScreen.xib in Resources */,
				FAB6F30F1C5CD35C00F7AB72 /* Images.xcassets in Resources */,
			);
			runOnlyForDeploymentPostprocessing = 0;
		};
		FAB6F3151C5CD35C00F7AB72 /* Resources */ = {
			isa = PBXResourcesBuildPhase;
			buildActionMask = 2147483647;
			files = (
			);
			runOnlyForDeploymentPostprocessing = 0;
		};
/* End PBXResourcesBuildPhase section */

/* Begin PBXSourcesBuildPhase section */
		FAB6F2FE1C5CD35C00F7AB72 /* Sources */ = {
			isa = PBXSourcesBuildPhase;
			buildActionMask = 2147483647;
			files = (
				FAB6F32C1C5D2D9900F7AB72 /* TextViewController.swift in Sources */,
				FAB6F30A1C5CD35C00F7AB72 /* PsychologistViewController.swift in Sources */,
				FAB6F3081C5CD35C00F7AB72 /* AppDelegate.swift in Sources */,
				FAB6F32E1C5D306500F7AB72 /* DiagnosedHappinessViewController.swift in Sources */,
				FAB6F32A1C5CE2F100F7AB72 /* HappinessViewController.swift in Sources */,
				FAB6F3291C5CE2F100F7AB72 /* FaceView.swift in Sources */,
			);
			runOnlyForDeploymentPostprocessing = 0;
		};
		FAB6F3131C5CD35C00F7AB72 /* Sources */ = {
			isa = PBXSourcesBuildPhase;
			buildActionMask = 2147483647;
			files = (
				FAB6F31E1C5CD35C00F7AB72 /* PsychologistTests.swift in Sources */,
			);
			runOnlyForDeploymentPostprocessing = 0;
		};
/* End PBXSourcesBuildPhase section */

/* Begin PBXTargetDependency section */
		FAB6F3191C5CD35C00F7AB72 /* PBXTargetDependency */ = {
			isa = PBXTargetDependency;
			target = FAB6F3011C5CD35C00F7AB72 /* Psychologist */;
			targetProxy = FAB6F3181C5CD35C00F7AB72 /* PBXContainerItemProxy */;
		};
/* End PBXTargetDependency section */

/* Begin PBXVariantGroup section */
		FAB6F30B1C5CD35C00F7AB72 /* Main.storyboard */ = {
			isa = PBXVariantGroup;
			children = (
				FAB6F30C1C5CD35C00F7AB72 /* Base */,
			);
			name = Main.storyboard;
			sourceTree = "<group>";
		};
		FAB6F3101C5CD35C00F7AB72 /* LaunchScreen.xib */ = {
			isa = PBXVariantGroup;
			children = (
				FAB6F3111C5CD35C00F7AB72 /* Base */,
			);
			name = LaunchScreen.xib;
			sourceTree = "<group>";
		};
/* End PBXVariantGroup section */

/* Begin XCBuildConfiguration section */
		FAB6F31F1C5CD35C00F7AB72 /* Debug */ = {
			isa = XCBuildConfiguration;
			buildSettings = {
				ALWAYS_SEARCH_USER_PATHS = NO;
				CLANG_CXX_LANGUAGE_STANDARD = "gnu++0x";
				CLANG_CXX_LIBRARY = "libc++";
				CLANG_ENABLE_MODULES = YES;
				CLANG_ENABLE_OBJC_ARC = YES;
				CLANG_WARN_BOOL_CONVERSION = YES;
				CLANG_WARN_CONSTANT_CONVERSION = YES;
				CLANG_WARN_DIRECT_OBJC_ISA_USAGE = YES_ERROR;
				CLANG_WARN_EMPTY_BODY = YES;
				CLANG_WARN_ENUM_CONVERSION = YES;
				CLANG_WARN_INT_CONVERSION = YES;
				CLANG_WARN_OBJC_ROOT_CLASS = YES_ERROR;
				CLANG_WARN_UNREACHABLE_CODE = YES;
				CLANG_WARN__DUPLICATE_METHOD_MATCH = YES;
				"CODE_SIGN_IDENTITY[sdk=iphoneos*]" = "iPhone Developer";
				COPY_PHASE_STRIP = NO;
				ENABLE_STRICT_OBJC_MSGSEND = YES;
				GCC_C_LANGUAGE_STANDARD = gnu99;
				GCC_DYNAMIC_NO_PIC = NO;
				GCC_OPTIMIZATION_LEVEL = 0;
				GCC_PREPROCESSOR_DEFINITIONS = (
					"DEBUG=1",
					"$(inherited)",
				);
				GCC_SYMBOLS_PRIVATE_EXTERN = NO;
				GCC_WARN_64_TO_32_BIT_CONVERSION = YES;
				GCC_WARN_ABOUT_RETURN_TYPE = YES_ERROR;
				GCC_WARN_UNDECLARED_SELECTOR = YES;
				GCC_WARN_UNINITIALIZED_AUTOS = YES_AGGRESSIVE;
				GCC_WARN_UNUSED_FUNCTION = YES;
				GCC_WARN_UNUSED_VARIABLE = YES;
				IPHONEOS_DEPLOYMENT_TARGET = 8.2;
				MTL_ENABLE_DEBUG_INFO = YES;
				ONLY_ACTIVE_ARCH = YES;
				SDKROOT = iphoneos;
				SWIFT_OPTIMIZATION_LEVEL = "-Onone";
				TARGETED_DEVICE_FAMILY = "1,2";
			};
			name = Debug;
		};
		FAB6F3201C5CD35C00F7AB72 /* Release */ = {
			isa = XCBuildConfiguration;
			buildSettings = {
				ALWAYS_SEARCH_USER_PATHS = NO;
				CLANG_CXX_LANGUAGE_STANDARD = "gnu++0x";
				CLANG_CXX_LIBRARY = "libc++";
				CLANG_ENABLE_MODULES = YES;
				CLANG_ENABLE_OBJC_ARC = YES;
				CLANG_WARN_BOOL_CONVERSION = YES;
				CLANG_WARN_CONSTANT_CONVERSION = YES;
				CLANG_WARN_DIRECT_OBJC_ISA_USAGE = YES_ERROR;
				CLANG_WARN_EMPTY_BODY = YES;
				CLANG_WARN_ENUM_CONVERSION = YES;
				CLANG_WARN_INT_CONVERSION = YES;
				CLANG_WARN_OBJC_ROOT_CLASS = YES_ERROR;
				CLANG_WARN_UNREACHABLE_CODE = YES;
				CLANG_WARN__DUPLICATE_METHOD_MATCH = YES;
				"CODE_SIGN_IDENTITY[sdk=iphoneos*]" = "iPhone Developer";
				COPY_PHASE_STRIP = NO;
				ENABLE_NS_ASSERTIONS = NO;
				ENABLE_STRICT_OBJC_MSGSEND = YES;
				GCC_C_LANGUAGE_STANDARD = gnu99;
				GCC_WARN_64_TO_32_BIT_CONVERSION = YES;
				GCC_WARN_ABOUT_RETURN_TYPE = YES_ERROR;
				GCC_WARN_UNDECLARED_SELECTOR = YES;
				GCC_WARN_UNINITIALIZED_AUTOS = YES_AGGRESSIVE;
				GCC_WARN_UNUSED_FUNCTION = YES;
				GCC_WARN_UNUSED_VARIABLE = YES;
				IPHONEOS_DEPLOYMENT_TARGET = 8.2;
				MTL_ENABLE_DEBUG_INFO = NO;
				SDKROOT = iphoneos;
				TARGETED_DEVICE_FAMILY = "1,2";
				VALIDATE_PRODUCT = YES;
			};
			name = Release;
		};
		FAB6F3221C5CD35C00F7AB72 /* Debug */ = {
			isa = XCBuildConfiguration;
			buildSettings = {
				ASSETCATALOG_COMPILER_APPICON_NAME = AppIcon;
				INFOPLIST_FILE = Psychologist/Info.plist;
				LD_RUNPATH_SEARCH_PATHS = "$(inherited) @executable_path/Frameworks";
				PRODUCT_NAME = "$(TARGET_NAME)";
			};
			name = Debug;
		};
		FAB6F3231C5CD35C00F7AB72 /* Release */ = {
			isa = XCBuildConfiguration;
			buildSettings = {
				ASSETCATALOG_COMPILER_APPICON_NAME = AppIcon;
				INFOPLIST_FILE = Psychologist/Info.plist;
				LD_RUNPATH_SEARCH_PATHS = "$(inherited) @executable_path/Frameworks";
				PRODUCT_NAME = "$(TARGET_NAME)";
			};
			name = Release;
		};
		FAB6F3251C5CD35C00F7AB72 /* Debug */ = {
			isa = XCBuildConfiguration;
			buildSettings = {
				BUNDLE_LOADER = "$(TEST_HOST)";
				FRAMEWORK_SEARCH_PATHS = (
					"$(SDKROOT)/Developer/Library/Frameworks",
					"$(inherited)",
				);
				GCC_PREPROCESSOR_DEFINITIONS = (
					"DEBUG=1",
					"$(inherited)",
				);
				INFOPLIST_FILE = PsychologistTests/Info.plist;
				LD_RUNPATH_SEARCH_PATHS = "$(inherited) @executable_path/Frameworks @loader_path/Frameworks";
				PRODUCT_NAME = "$(TARGET_NAME)";
				TEST_HOST = "$(BUILT_PRODUCTS_DIR)/Psychologist.app/Psychologist";
			};
			name = Debug;
		};
		FAB6F3261C5CD35C00F7AB72 /* Release */ = {
			isa = XCBuildConfiguration;
			buildSettings = {
				BUNDLE_LOADER = "$(TEST_HOST)";
				FRAMEWORK_SEARCH_PATHS = (
					"$(SDKROOT)/Developer/Library/Frameworks",
					"$(inherited)",
				);
				INFOPLIST_FILE = PsychologistTests/Info.plist;
				LD_RUNPATH_SEARCH_PATHS = "$(inherited) @executable_path/Frameworks @loader_path/Frameworks";
				PRODUCT_NAME = "$(TARGET_NAME)";
				TEST_HOST = "$(BUILT_PRODUCTS_DIR)/Psychologist.app/Psychologist";
			};
			name = Release;
		};
/* End XCBuildConfiguration section */

/* Begin XCConfigurationList section */
		FAB6F2FD1C5CD35C00F7AB72 /* Build configuration list for PBXProject "Psychologist" */ = {
			isa = XCConfigurationList;
			buildConfigurations = (
				FAB6F31F1C5CD35C00F7AB72 /* Debug */,
				FAB6F3201C5CD35C00F7AB72 /* Release */,
			);
			defaultConfigurationIsVisible = 0;
			defaultConfigurationName = Release;
		};
		FAB6F3211C5CD35C00F7AB72 /* Build configuration list for PBXNativeTarget "Psychologist" */ = {
			isa = XCConfigurationList;
			buildConfigurations = (
				FAB6F3221C5CD35C00F7AB72 /* Debug */,
				FAB6F3231C5CD35C00F7AB72 /* Release */,
			);
			defaultConfigurationIsVisible = 0;
		};
		FAB6F3241C5CD35C00F7AB72 /* Build configuration list for PBXNativeTarget "PsychologistTests" */ = {
			isa = XCConfigurationList;
			buildConfigurations = (
				FAB6F3251C5CD35C00F7AB72 /* Debug */,
				FAB6F3261C5CD35C00F7AB72 /* Release */,
			);
			defaultConfigurationIsVisible = 0;
		};
/* End XCConfigurationList section */
	};
	rootObject = FAB6F2FA1C5CD35C00F7AB72 /* Project object */;
}
